// !$*UTF8*$!
{
	archiveVersion = 1;
	classes = {
	};
	objectVersion = 77;
	objects = {

/* Begin PBXContainerItemProxy section */
		039B15CA2E2F0E4400412AB3 /* PBXContainerItemProxy */ = {
			isa = PBXContainerItemProxy;
			containerPortal = 039B15B42E2F0E4300412AB3 /* Project object */;
			proxyType = 1;
			remoteGlobalIDString = 039B15BB2E2F0E4300412AB3;
			remoteInfo = "Unit 103";
		};
		039B15D42E2F0E4400412AB3 /* PBXContainerItemProxy */ = {
			isa = PBXContainerItemProxy;
			containerPortal = 039B15B42E2F0E4300412AB3 /* Project object */;
			proxyType = 1;
			remoteGlobalIDString = 039B15BB2E2F0E4300412AB3;
			remoteInfo = "Unit 103";
		};
/* End PBXContainerItemProxy section */

/* Begin PBXFileReference section */
		039B15BC2E2F0E4300412AB3 /* Unit 103.app */ = {isa = PBXFileReference; explicitFileType = wrapper.application; includeInIndex = 0; path = "Unit 103.app"; sourceTree = BUILT_PRODUCTS_DIR; };
		039B15C92E2F0E4400412AB3 /* Unit 103Tests.xctest */ = {isa = PBXFileReference; explicitFileType = wrapper.cfbundle; includeInIndex = 0; path = "Unit 103Tests.xctest"; sourceTree = BUILT_PRODUCTS_DIR; };
		039B15D32E2F0E4400412AB3 /* Unit 103UITests.xctest */ = {isa = PBXFileReference; explicitFileType = wrapper.cfbundle; includeInIndex = 0; path = "Unit 103UITests.xctest"; sourceTree = BUILT_PRODUCTS_DIR; };
/* End PBXFileReference section */

/* Begin PBXFileSystemSynchronizedRootGroup section */
		039B15BE2E2F0E4300412AB3 /* Unit 103 */ = {
			isa = PBXFileSystemSynchronizedRootGroup;
			path = "Unit 103";
			sourceTree = "<group>";
		};
		039B15CC2E2F0E4400412AB3 /* Unit 103Tests */ = {
			isa = PBXFileSystemSynchronizedRootGroup;
			path = "Unit 103Tests";
			sourceTree = "<group>";
		};
		039B15D62E2F0E4400412AB3 /* Unit 103UITests */ = {
			isa = PBXFileSystemSynchronizedRootGroup;
			path = "Unit 103UITests";
			sourceTree = "<group>";
		};
/* End PBXFileSystemSynchronizedRootGroup section */

/* Begin PBXFrameworksBuildPhase section */
		039B15B92E2F0E4300412AB3 /* Frameworks */ = {
			isa = PBXFrameworksBuildPhase;
			buildActionMask = 2147483647;
			files = (
			);
			runOnlyForDeploymentPostprocessing = 0;
		};
		039B15C62E2F0E4400412AB3 /* Frameworks */ = {
			isa = PBXFrameworksBuildPhase;
			buildActionMask = 2147483647;
			files = (
			);
			runOnlyForDeploymentPostprocessing = 0;
		};
		039B15D02E2F0E4400412AB3 /* Frameworks */ = {
			isa = PBXFrameworksBuildPhase;
			buildActionMask = 2147483647;
			files = (
			);
			runOnlyForDeploymentPostprocessing = 0;
		};
/* End PBXFrameworksBuildPhase section */

/* Begin PBXGroup section */
		039B15B32E2F0E4300412AB3 = {
			isa = PBXGroup;
			children = (
				039B15BE2E2F0E4300412AB3 /* Unit 103 */,
				039B15CC2E2F0E4400412AB3 /* Unit 103Tests */,
				039B15D62E2F0E4400412AB3 /* Unit 103UITests */,
				039B15BD2E2F0E4300412AB3 /* Products */,
			);
			sourceTree = "<group>";
		};
		039B15BD2E2F0E4300412AB3 /* Products */ = {
			isa = PBXGroup;
			children = (
				039B15BC2E2F0E4300412AB3 /* Unit 103.app */,
				039B15C92E2F0E4400412AB3 /* Unit 103Tests.xctest */,
				039B15D32E2F0E4400412AB3 /* Unit 103UITests.xctest */,
			);
			name = Products;
			sourceTree = "<group>";
		};
/* End PBXGroup section */

/* Begin PBXNativeTarget section */
		039B15BB2E2F0E4300412AB3 /* Unit 103 */ = {
			isa = PBXNativeTarget;
			buildConfigurationList = 039B15DD2E2F0E4400412AB3 /* Build configuration list for PBXNativeTarget "Unit 103" */;
			buildPhases = (
				039B15B82E2F0E4300412AB3 /* Sources */,
				039B15B92E2F0E4300412AB3 /* Frameworks */,
				039B15BA2E2F0E4300412AB3 /* Resources */,
			);
			buildRules = (
			);
			dependencies = (
			);
			fileSystemSynchronizedGroups = (
				039B15BE2E2F0E4300412AB3 /* Unit 103 */,
			);
			name = "Unit 103";
			packageProductDependencies = (
			);
			productName = "Unit 103";
			productReference = 039B15BC2E2F0E4300412AB3 /* Unit 103.app */;
			productType = "com.apple.product-type.application";
		};
		039B15C82E2F0E4400412AB3 /* Unit 103Tests */ = {
			isa = PBXNativeTarget;
			buildConfigurationList = 039B15E02E2F0E4400412AB3 /* Build configuration list for PBXNativeTarget "Unit 103Tests" */;
			buildPhases = (
				039B15C52E2F0E4400412AB3 /* Sources */,
				039B15C62E2F0E4400412AB3 /* Frameworks */,
				039B15C72E2F0E4400412AB3 /* Resources */,
			);
			buildRules = (
			);
			dependencies = (
				039B15CB2E2F0E4400412AB3 /* PBXTargetDependency */,
			);
			fileSystemSynchronizedGroups = (
				039B15CC2E2F0E4400412AB3 /* Unit 103Tests */,
			);
			name = "Unit 103Tests";
			packageProductDependencies = (
			);
			productName = "Unit 103Tests";
			productReference = 039B15C92E2F0E4400412AB3 /* Unit 103Tests.xctest */;
			productType = "com.apple.product-type.bundle.unit-test";
		};
		039B15D22E2F0E4400412AB3 /* Unit 103UITests */ = {
			isa = PBXNativeTarget;
			buildConfigurationList = 039B15E32E2F0E4400412AB3 /* Build configuration list for PBXNativeTarget "Unit 103UITests" */;
			buildPhases = (
				039B15CF2E2F0E4400412AB3 /* Sources */,
				039B15D02E2F0E4400412AB3 /* Frameworks */,
				039B15D12E2F0E4400412AB3 /* Resources */,
			);
			buildRules = (
			);
			dependencies = (
				039B15D52E2F0E4400412AB3 /* PBXTargetDependency */,
			);
			fileSystemSynchronizedGroups = (
				039B15D62E2F0E4400412AB3 /* Unit 103UITests */,
			);
			name = "Unit 103UITests";
			packageProductDependencies = (
			);
			productName = "Unit 103UITests";
			productReference = 039B15D32E2F0E4400412AB3 /* Unit 103UITests.xctest */;
			productType = "com.apple.product-type.bundle.ui-testing";
		};
/* End PBXNativeTarget section */

/* Begin PBXProject section */
		039B15B42E2F0E4300412AB3 /* Project object */ = {
			isa = PBXProject;
			attributes = {
				BuildIndependentTargetsInParallel = 1;
				LastSwiftUpdateCheck = 1640;
				LastUpgradeCheck = 1640;
				TargetAttributes = {
					039B15BB2E2F0E4300412AB3 = {
						CreatedOnToolsVersion = 16.4;
					};
					039B15C82E2F0E4400412AB3 = {
						CreatedOnToolsVersion = 16.4;
						TestTargetID = 039B15BB2E2F0E4300412AB3;
					};
					039B15D22E2F0E4400412AB3 = {
						CreatedOnToolsVersion = 16.4;
						TestTargetID = 039B15BB2E2F0E4300412AB3;
					};
				};
			};
			buildConfigurationList = 039B15B72E2F0E4300412AB3 /* Build configuration list for PBXProject "Unit 103" */;
			developmentRegion = en;
			hasScannedForEncodings = 0;
			knownRegions = (
				en,
				Base,
			);
			mainGroup = 039B15B32E2F0E4300412AB3;
			minimizedProjectReferenceProxies = 1;
			preferredProjectObjectVersion = 77;
			productRefGroup = 039B15BD2E2F0E4300412AB3 /* Products */;
			projectDirPath = "";
			projectRoot = "";
			targets = (
				039B15BB2E2F0E4300412AB3 /* Unit 103 */,
				039B15C82E2F0E4400412AB3 /* Unit 103Tests */,
				039B15D22E2F0E4400412AB3 /* Unit 103UITests */,
			);
		};
/* End PBXProject section */

/* Begin PBXResourcesBuildPhase section */
		039B15BA2E2F0E4300412AB3 /* Resources */ = {
			isa = PBXResourcesBuildPhase;
			buildActionMask = 2147483647;
			files = (
			);
			runOnlyForDeploymentPostprocessing = 0;
		};
		039B15C72E2F0E4400412AB3 /* Resources */ = {
			isa = PBXResourcesBuildPhase;
			buildActionMask = 2147483647;
			files = (
			);
			runOnlyForDeploymentPostprocessing = 0;
		};
		039B15D12E2F0E4400412AB3 /* Resources */ = {
			isa = PBXResourcesBuildPhase;
			buildActionMask = 2147483647;
			files = (
			);
			runOnlyForDeploymentPostprocessing = 0;
		};
/* End PBXResourcesBuildPhase section */

/* Begin PBXSourcesBuildPhase section */
		039B15B82E2F0E4300412AB3 /* Sources */ = {
			isa = PBXSourcesBuildPhase;
			buildActionMask = 2147483647;
			files = (
			);
			runOnlyForDeploymentPostprocessing = 0;
		};
		039B15C52E2F0E4400412AB3 /* Sources */ = {
			isa = PBXSourcesBuildPhase;
			buildActionMask = 2147483647;
			files = (
			);
			runOnlyForDeploymentPostprocessing = 0;
		};
		039B15CF2E2F0E4400412AB3 /* Sources */ = {
			isa = PBXSourcesBuildPhase;
			buildActionMask = 2147483647;
			files = (
			);
			runOnlyForDeploymentPostprocessing = 0;
		};
/* End PBXSourcesBuildPhase section */

/* Begin PBXTargetDependency section */
		039B15CB2E2F0E4400412AB3 /* PBXTargetDependency */ = {
			isa = PBXTargetDependency;
			target = 039B15BB2E2F0E4300412AB3 /* Unit 103 */;
			targetProxy = 039B15CA2E2F0E4400412AB3 /* PBXContainerItemProxy */;
		};
		039B15D52E2F0E4400412AB3 /* PBXTargetDependency */ = {
			isa = PBXTargetDependency;
			target = 039B15BB2E2F0E4300412AB3 /* Unit 103 */;
			targetProxy = 039B15D42E2F0E4400412AB3 /* PBXContainerItemProxy */;
		};
/* End PBXTargetDependency section */

/* Begin XCBuildConfiguration section */
		039B15DB2E2F0E4400412AB3 /* Debug */ = {
			isa = XCBuildConfiguration;
			buildSettings = {
				ALWAYS_SEARCH_USER_PATHS = NO;
				ASSETCATALOG_COMPILER_GENERATE_SWIFT_ASSET_SYMBOL_EXTENSIONS = YES;
				CLANG_ANALYZER_NONNULL = YES;
				CLANG_ANALYZER_NUMBER_OBJECT_CONVERSION = YES_AGGRESSIVE;
				CLANG_CXX_LANGUAGE_STANDARD = "gnu++20";
				CLANG_ENABLE_MODULES = YES;
				CLANG_ENABLE_OBJC_ARC = YES;
				CLANG_ENABLE_OBJC_WEAK = YES;
				CLANG_WARN_BLOCK_CAPTURE_AUTORELEASING = YES;
				CLANG_WARN_BOOL_CONVERSION = YES;
				CLANG_WARN_COMMA = YES;
				CLANG_WARN_CONSTANT_CONVERSION = YES;
				CLANG_WARN_DEPRECATED_OBJC_IMPLEMENTATIONS = YES;
				CLANG_WARN_DIRECT_OBJC_ISA_USAGE = YES_ERROR;
				CLANG_WARN_DOCUMENTATION_COMMENTS = YES;
				CLANG_WARN_EMPTY_BODY = YES;
				CLANG_WARN_ENUM_CONVERSION = YES;
				CLANG_WARN_INFINITE_RECURSION = YES;
				CLANG_WARN_INT_CONVERSION = YES;
				CLANG_WARN_NON_LITERAL_NULL_CONVERSION = YES;
				CLANG_WARN_OBJC_IMPLICIT_RETAIN_SELF = YES;
				CLANG_WARN_OBJC_LITERAL_CONVERSION = YES;
				CLANG_WARN_OBJC_ROOT_CLASS = YES_ERROR;
				CLANG_WARN_QUOTED_INCLUDE_IN_FRAMEWORK_HEADER = YES;
				CLANG_WARN_RANGE_LOOP_ANALYSIS = YES;
				CLANG_WARN_STRICT_PROTOTYPES = YES;
				CLANG_WARN_SUSPICIOUS_MOVE = YES;
				CLANG_WARN_UNGUARDED_AVAILABILITY = YES_AGGRESSIVE;
				CLANG_WARN_UNREACHABLE_CODE = YES;
				CLANG_WARN__DUPLICATE_METHOD_MATCH = YES;
				COPY_PHASE_STRIP = NO;
				DEBUG_INFORMATION_FORMAT = dwarf;
				ENABLE_STRICT_OBJC_MSGSEND = YES;
				ENABLE_TESTABILITY = YES;
				ENABLE_USER_SCRIPT_SANDBOXING = YES;
				GCC_C_LANGUAGE_STANDARD = gnu17;
				GCC_DYNAMIC_NO_PIC = NO;
				GCC_NO_COMMON_BLOCKS = YES;
				GCC_OPTIMIZATION_LEVEL = 0;
				GCC_PREPROCESSOR_DEFINITIONS = (
					"DEBUG=1",
					"$(inherited)",
				);
				GCC_WARN_64_TO_32_BIT_CONVERSION = YES;
				GCC_WARN_ABOUT_RETURN_TYPE = YES_ERROR;
				GCC_WARN_UNDECLARED_SELECTOR = YES;
				GCC_WARN_UNINITIALIZED_AUTOS = YES_AGGRESSIVE;
				GCC_WARN_UNUSED_FUNCTION = YES;
				GCC_WARN_UNUSED_VARIABLE = YES;
				IPHONEOS_DEPLOYMENT_TARGET = 18.5;
				LOCALIZATION_PREFERS_STRING_CATALOGS = YES;
				MTL_ENABLE_DEBUG_INFO = INCLUDE_SOURCE;
				MTL_FAST_MATH = YES;
				ONLY_ACTIVE_ARCH = YES;
				SDKROOT = iphoneos;
				SWIFT_ACTIVE_COMPILATION_CONDITIONS = "DEBUG $(inherited)";
				SWIFT_OPTIMIZATION_LEVEL = "-Onone";
			};
			name = Debug;
		};
		039B15DC2E2F0E4400412AB3 /* Release */ = {
			isa = XCBuildConfiguration;
			buildSettings = {
				ALWAYS_SEARCH_USER_PATHS = NO;
				ASSETCATALOG_COMPILER_GENERATE_SWIFT_ASSET_SYMBOL_EXTENSIONS = YES;
				CLANG_ANALYZER_NONNULL = YES;
				CLANG_ANALYZER_NUMBER_OBJECT_CONVERSION = YES_AGGRESSIVE;
				CLANG_CXX_LANGUAGE_STANDARD = "gnu++20";
				CLANG_ENABLE_MODULES = YES;
				CLANG_ENABLE_OBJC_ARC = YES;
				CLANG_ENABLE_OBJC_WEAK = YES;
				CLANG_WARN_BLOCK_CAPTURE_AUTORELEASING = YES;
				CLANG_WARN_BOOL_CONVERSION = YES;
				CLANG_WARN_COMMA = YES;
				CLANG_WARN_CONSTANT_CONVERSION = YES;
				CLANG_WARN_DEPRECATED_OBJC_IMPLEMENTATIONS = YES;
				CLANG_WARN_DIRECT_OBJC_ISA_USAGE = YES_ERROR;
				CLANG_WARN_DOCUMENTATION_COMMENTS = YES;
				CLANG_WARN_EMPTY_BODY = YES;
				CLANG_WARN_ENUM_CONVERSION = YES;
				CLANG_WARN_INFINITE_RECURSION = YES;
				CLANG_WARN_INT_CONVERSION = YES;
				CLANG_WARN_NON_LITERAL_NULL_CONVERSION = YES;
				CLANG_WARN_OBJC_IMPLICIT_RETAIN_SELF = YES;
				CLANG_WARN_OBJC_LITERAL_CONVERSION = YES;
				CLANG_WARN_OBJC_ROOT_CLASS = YES_ERROR;
				CLANG_WARN_QUOTED_INCLUDE_IN_FRAMEWORK_HEADER = YES;
				CLANG_WARN_RANGE_LOOP_ANALYSIS = YES;
				CLANG_WARN_STRICT_PROTOTYPES = YES;
				CLANG_WARN_SUSPICIOUS_MOVE = YES;
				CLANG_WARN_UNGUARDED_AVAILABILITY = YES_AGGRESSIVE;
				CLANG_WARN_UNREACHABLE_CODE = YES;
				CLANG_WARN__DUPLICATE_METHOD_MATCH = YES;
				COPY_PHASE_STRIP = NO;
				DEBUG_INFORMATION_FORMAT = "dwarf-with-dsym";
				ENABLE_NS_ASSERTIONS = NO;
				ENABLE_STRICT_OBJC_MSGSEND = YES;
				ENABLE_USER_SCRIPT_SANDBOXING = YES;
				GCC_C_LANGUAGE_STANDARD = gnu17;
				GCC_NO_COMMON_BLOCKS = YES;
				GCC_WARN_64_TO_32_BIT_CONVERSION = YES;
				GCC_WARN_ABOUT_RETURN_TYPE = YES_ERROR;
				GCC_WARN_UNDECLARED_SELECTOR = YES;
				GCC_WARN_UNINITIALIZED_AUTOS = YES_AGGRESSIVE;
				GCC_WARN_UNUSED_FUNCTION = YES;
				GCC_WARN_UNUSED_VARIABLE = YES;
				IPHONEOS_DEPLOYMENT_TARGET = 18.5;
				LOCALIZATION_PREFERS_STRING_CATALOGS = YES;
				MTL_ENABLE_DEBUG_INFO = NO;
				MTL_FAST_MATH = YES;
				SDKROOT = iphoneos;
				SWIFT_COMPILATION_MODE = wholemodule;
				VALIDATE_PRODUCT = YES;
			};
			name = Release;
		};
		039B15DE2E2F0E4400412AB3 /* Debug */ = {
			isa = XCBuildConfiguration;
			buildSettings = {
				ASSETCATALOG_COMPILER_APPICON_NAME = AppIcon;
				ASSETCATALOG_COMPILER_GLOBAL_ACCENT_COLOR_NAME = AccentColor;
				CODE_SIGN_STYLE = Automatic;
				CURRENT_PROJECT_VERSION = 1;
				ENABLE_PREVIEWS = YES;
				GENERATE_INFOPLIST_FILE = YES;
				INFOPLIST_KEY_UIApplicationSceneManifest_Generation = YES;
				INFOPLIST_KEY_UIApplicationSupportsIndirectInputEvents = YES;
				INFOPLIST_KEY_UILaunchScreen_Generation = YES;
				INFOPLIST_KEY_UISupportedInterfaceOrientations_iPad = "UIInterfaceOrientationPortrait UIInterfaceOrientationPortraitUpsideDown UIInterfaceOrientationLandscapeLeft UIInterfaceOrientationLandscapeRight";
				INFOPLIST_KEY_UISupportedInterfaceOrientations_iPhone = "UIInterfaceOrientationPortrait UIInterfaceOrientationLandscapeLeft UIInterfaceOrientationLandscapeRight";
				LD_RUNPATH_SEARCH_PATHS = (
					"$(inherited)",
					"@executable_path/Frameworks",
				);
				MARKETING_VERSION = 1.0;
				PRODUCT_BUNDLE_IDENTIFIER = "com.example.app.Unit-103";
				PRODUCT_NAME = "$(TARGET_NAME)";
				SWIFT_EMIT_LOC_STRINGS = YES;
				SWIFT_VERSION = 5.0;
				TARGETED_DEVICE_FAMILY = "1,2";
			};
			name = Debug;
		};
		039B15DF2E2F0E4400412AB3 /* Release */ = {
			isa = XCBuildConfiguration;
			buildSettings = {
				ASSETCATALOG_COMPILER_APPICON_NAME = AppIcon;
				ASSETCATALOG_COMPILER_GLOBAL_ACCENT_COLOR_NAME = AccentColor;
				CODE_SIGN_STYLE = Automatic;
				CURRENT_PROJECT_VERSION = 1;
				ENABLE_PREVIEWS = YES;
				GENERATE_INFOPLIST_FILE = YES;
				INFOPLIST_KEY_UIApplicationSceneManifest_Generation = YES;
				INFOPLIST_KEY_UIApplicationSupportsIndirectInputEvents = YES;
				INFOPLIST_KEY_UILaunchScreen_Generation = YES;
				INFOPLIST_KEY_UISupportedInterfaceOrientations_iPad = "UIInterfaceOrientationPortrait UIInterfaceOrientationPortraitUpsideDown UIInterfaceOrientationLandscapeLeft UIInterfaceOrientationLandscapeRight";
				INFOPLIST_KEY_UISupportedInterfaceOrientations_iPhone = "UIInterfaceOrientationPortrait UIInterfaceOrientationLandscapeLeft UIInterfaceOrientationLandscapeRight";
				LD_RUNPATH_SEARCH_PATHS = (
					"$(inherited)",
					"@executable_path/Frameworks",
				);
				MARKETING_VERSION = 1.0;
				PRODUCT_BUNDLE_IDENTIFIER = "com.example.app.Unit-103";
				PRODUCT_NAME = "$(TARGET_NAME)";
				SWIFT_EMIT_LOC_STRINGS = YES;
				SWIFT_VERSION = 5.0;
				TARGETED_DEVICE_FAMILY = "1,2";
			};
			name = Release;
		};
		039B15E12E2F0E4400412AB3 /* Debug */ = {
			isa = XCBuildConfiguration;
			buildSettings = {
				BUNDLE_LOADER = "$(TEST_HOST)";
				CODE_SIGN_STYLE = Automatic;
				CURRENT_PROJECT_VERSION = 1;
				GENERATE_INFOPLIST_FILE = YES;
				IPHONEOS_DEPLOYMENT_TARGET = 18.5;
				MARKETING_VERSION = 1.0;
				PRODUCT_BUNDLE_IDENTIFIER = "com.example.app.Unit-103Tests";
				PRODUCT_NAME = "$(TARGET_NAME)";
				SWIFT_EMIT_LOC_STRINGS = NO;
				SWIFT_VERSION = 5.0;
				TARGETED_DEVICE_FAMILY = "1,2";
				TEST_HOST = "$(BUILT_PRODUCTS_DIR)/Unit 103.app/$(BUNDLE_EXECUTABLE_FOLDER_PATH)/Unit 103";
			};
			name = Debug;
		};
		039B15E22E2F0E4400412AB3 /* Release */ = {
			isa = XCBuildConfiguration;
			buildSettings = {
				BUNDLE_LOADER = "$(TEST_HOST)";
				CODE_SIGN_STYLE = Automatic;
				CURRENT_PROJECT_VERSION = 1;
				GENERATE_INFOPLIST_FILE = YES;
				IPHONEOS_DEPLOYMENT_TARGET = 18.5;
				MARKETING_VERSION = 1.0;
				PRODUCT_BUNDLE_IDENTIFIER = "com.example.app.Unit-103Tests";
				PRODUCT_NAME = "$(TARGET_NAME)";
				SWIFT_EMIT_LOC_STRINGS = NO;
				SWIFT_VERSION = 5.0;
				TARGETED_DEVICE_FAMILY = "1,2";
				TEST_HOST = "$(BUILT_PRODUCTS_DIR)/Unit 103.app/$(BUNDLE_EXECUTABLE_FOLDER_PATH)/Unit 103";
			};
			name = Release;
		};
		039B15E42E2F0E4400412AB3 /* Debug */ = {
			isa = XCBuildConfiguration;
			buildSettings = {
				CODE_SIGN_STYLE = Automatic;
				CURRENT_PROJECT_VERSION = 1;
				GENERATE_INFOPLIST_FILE = YES;
				MARKETING_VERSION = 1.0;
				PRODUCT_BUNDLE_IDENTIFIER = "com.example.app.Unit-103UITests";
				PRODUCT_NAME = "$(TARGET_NAME)";
				SWIFT_EMIT_LOC_STRINGS = NO;
				SWIFT_VERSION = 5.0;
				TARGETED_DEVICE_FAMILY = "1,2";
				TEST_TARGET_NAME = "Unit 103";
			};
			name = Debug;
		};
		039B15E52E2F0E4400412AB3 /* Release */ = {
			isa = XCBuildConfiguration;
			buildSettings = {
				CODE_SIGN_STYLE = Automatic;
				CURRENT_PROJECT_VERSION = 1;
				GENERATE_INFOPLIST_FILE = YES;
				MARKETING_VERSION = 1.0;
				PRODUCT_BUNDLE_IDENTIFIER = "com.example.app.Unit-103UITests";
				PRODUCT_NAME = "$(TARGET_NAME)";
				SWIFT_EMIT_LOC_STRINGS = NO;
				SWIFT_VERSION = 5.0;
				TARGETED_DEVICE_FAMILY = "1,2";
				TEST_TARGET_NAME = "Unit 103";
			};
			name = Release;
		};
/* End XCBuildConfiguration section */

/* Begin XCConfigurationList section */
		039B15B72E2F0E4300412AB3 /* Build configuration list for PBXProject "Unit 103" */ = {
			isa = XCConfigurationList;
			buildConfigurations = (
				039B15DB2E2F0E4400412AB3 /* Debug */,
				039B15DC2E2F0E4400412AB3 /* Release */,
			);
			defaultConfigurationIsVisible = 0;
			defaultConfigurationName = Release;
		};
		039B15DD2E2F0E4400412AB3 /* Build configuration list for PBXNativeTarget "Unit 103" */ = {
			isa = XCConfigurationList;
			buildConfigurations = (
				039B15DE2E2F0E4400412AB3 /* Debug */,
				039B15DF2E2F0E4400412AB3 /* Release */,
			);
			defaultConfigurationIsVisible = 0;
			defaultConfigurationName = Release;
		};
		039B15E02E2F0E4400412AB3 /* Build configuration list for PBXNativeTarget "Unit 103Tests" */ = {
			isa = XCConfigurationList;
			buildConfigurations = (
				039B15E12E2F0E4400412AB3 /* Debug */,
				039B15E22E2F0E4400412AB3 /* Release */,
			);
			defaultConfigurationIsVisible = 0;
			defaultConfigurationName = Release;
		};
		039B15E32E2F0E4400412AB3 /* Build configuration list for PBXNativeTarget "Unit 103UITests" */ = {
			isa = XCConfigurationList;
			buildConfigurations = (
				039B15E42E2F0E4400412AB3 /* Debug */,
				039B15E52E2F0E4400412AB3 /* Release */,
			);
			defaultConfigurationIsVisible = 0;
			defaultConfigurationName = Release;
		};
/* End XCConfigurationList section */
	};
	rootObject = 039B15B42E2F0E4300412AB3 /* Project object */;
}
